
Microsoft Visual Studio Solution File, Format Version 12.00
# Visual Studio Version 17
VisualStudioVersion = 17.14.36121.58
MinimumVisualStudioVersion = 10.0.40219.1
Project("{FAE04EC0-301F-11D3-BF4B-00C04F79EFBC}") = "Backend", "Backend\Backend.csproj", "{EA8B25D4-B133-49D8-9C86-8D9AB26F952F}"
EndProject
Project("{FAE04EC0-301F-11D3-BF4B-00C04F79EFBC}") = "backend.Tests", "backend.Tests\backend.Tests.csproj", "{6463202F-5B58-F17D-753B-67F5FF06B764}"
EndProject
Project("{FAE04EC0-301F-11D3-BF4B-00C04F79EFBC}") = "API", "..\..\..\..\Downloads\BuildingBlocks-master\BuildingBlocks-master\API\API.csproj", "{3853E654-F971-4B30-83E4-1CDA4384494D}"
EndProject
Project("{FAE04EC0-301F-11D3-BF4B-00C04F79EFBC}") = "API", "API\API.csproj", "{2081868D-D35C-4D3F-80DB-9F102A1D813B}"
EndProject
Global
	GlobalSection(SolutionConfigurationPlatforms) = preSolution
		Debug|Any CPU = Debug|Any CPU
		Release|Any CPU = Release|Any CPU
	EndGlobalSection
	GlobalSection(ProjectConfigurationPlatforms) = postSolution
		{EA8B25D4-B133-49D8-9C86-8D9AB26F952F}.Debug|Any CPU.ActiveCfg = Debug|Any CPU
		{EA8B25D4-B133-49D8-9C86-8D9AB26F952F}.Debug|Any CPU.Build.0 = Debug|Any CPU
		{EA8B25D4-B133-49D8-9C86-8D9AB26F952F}.Release|Any CPU.ActiveCfg = Release|Any CPU
		{EA8B25D4-B133-49D8-9C86-8D9AB26F952F}.Release|Any CPU.Build.0 = Release|Any CPU
		{6463202F-5B58-F17D-753B-67F5FF06B764}.Debug|Any CPU.ActiveCfg = Debug|Any CPU
		{6463202F-5B58-F17D-753B-67F5FF06B764}.Debug|Any CPU.Build.0 = Debug|Any CPU
		{6463202F-5B58-F17D-753B-67F5FF06B764}.Release|Any CPU.ActiveCfg = Release|Any CPU
		{6463202F-5B58-F17D-753B-67F5FF06B764}.Release|Any CPU.Build.0 = Release|Any CPU
		{3853E654-F971-4B30-83E4-1CDA4384494D}.Debug|Any CPU.ActiveCfg = Debug|Any CPU
		{3853E654-F971-4B30-83E4-1CDA4384494D}.Debug|Any CPU.Build.0 = Debug|Any CPU
		{3853E654-F971-4B30-83E4-1CDA4384494D}.Release|Any CPU.ActiveCfg = Release|Any CPU
		{3853E654-F971-4B30-83E4-1CDA4384494D}.Release|Any CPU.Build.0 = Release|Any CPU
		{2081868D-D35C-4D3F-80DB-9F102A1D813B}.Debug|Any CPU.ActiveCfg = Debug|Any CPU
		{2081868D-D35C-4D3F-80DB-9F102A1D813B}.Debug|Any CPU.Build.0 = Debug|Any CPU
		{2081868D-D35C-4D3F-80DB-9F102A1D813B}.Release|Any CPU.ActiveCfg = Release|Any CPU
		{2081868D-D35C-4D3F-80DB-9F102A1D813B}.Release|Any CPU.Build.0 = Release|Any CPU
	EndGlobalSection
	GlobalSection(SolutionProperties) = preSolution
		HideSolutionNode = FALSE
	EndGlobalSection
	GlobalSection(ExtensibilityGlobals) = postSolution
		SolutionGuid = {0DAD00E2-6D57-41DF-A90F-53DC6F6E0967}
	EndGlobalSection
EndGlobal
